
Microsoft Visual Studio Solution File, Format Version 12.00
# Visual Studio Version 16
VisualStudioVersion = 16.0.29009.5
MinimumVisualStudioVersion = 10.0.40219.1
Project("{FAE04EC0-301F-11D3-BF4B-00C04F79EFBC}") = "BelieveOrNotBelieve", "BelieveOrNotBelieve\BelieveOrNotBelieve.csproj", "{2E354539-450B-4549-850F-67FD2C8F358C}"
EndProject
Global
	GlobalSection(SolutionConfigurationPlatforms) = preSolution
		Debug|Any CPU = Debug|Any CPU
		Release|Any CPU = Release|Any CPU
	EndGlobalSection
	GlobalSection(ProjectConfigurationPlatforms) = postSolution
		{2E354539-450B-4549-850F-67FD2C8F358C}.Debug|Any CPU.ActiveCfg = Debug|Any CPU
		{2E354539-450B-4549-850F-67FD2C8F358C}.Debug|Any CPU.Build.0 = Debug|Any CPU
		{2E354539-450B-4549-850F-67FD2C8F358C}.Release|Any CPU.ActiveCfg = Release|Any CPU
		{2E354539-450B-4549-850F-67FD2C8F358C}.Release|Any CPU.Build.0 = Release|Any CPU
	EndGlobalSection
	GlobalSection(SolutionProperties) = preSolution
		HideSolutionNode = FALSE
	EndGlobalSection
	GlobalSection(ExtensibilityGlobals) = postSolution
		SolutionGuid = {CAC427C1-90F7-4EAE-A2BF-1B6338361B4F}
	EndGlobalSection
EndGlobal
